
Microsoft Visual Studio Solution File, Format Version 12.00
# Visual Studio Version 17
VisualStudioVersion = 17.1.32407.343
MinimumVisualStudioVersion = 10.0.40219.1
Project("{9A19103F-16F7-4668-BE54-9A1E7A4F7556}") = "CryptoGuitars.Server", "Server\CryptoGuitars.Server.csproj", "{AD7F293F-C015-4B57-ACB9-33285FD04C50}"
EndProject
Project("{9A19103F-16F7-4668-BE54-9A1E7A4F7556}") = "CryptoGuitars.Client", "Client\CryptoGuitars.Client.csproj", "{6BD8EBC3-06E5-4725-98C6-80857B25AEDD}"
EndProject
Project("{9A19103F-16F7-4668-BE54-9A1E7A4F7556}") = "CryptoGuitars.Contracts", "Contracts\CryptoGuitars.Contracts.csproj", "{A3463DB6-092C-42AA-A1CC-EE205B48375E}"
EndProject
Project("{9A19103F-16F7-4668-BE54-9A1E7A4F7556}") = "CryptoGuitars.Shared", "Shared\CryptoGuitars.Shared.csproj", "{A4014F95-2D85-41DA-A7B4-0185FD17D3E5}"
EndProject
Global
	GlobalSection(SolutionConfigurationPlatforms) = preSolution
		Debug|Any CPU = Debug|Any CPU
		Release|Any CPU = Release|Any CPU
	EndGlobalSection
	GlobalSection(ProjectConfigurationPlatforms) = postSolution
		{AD7F293F-C015-4B57-ACB9-33285FD04C50}.Debug|Any CPU.ActiveCfg = Debug|Any CPU
		{AD7F293F-C015-4B57-ACB9-33285FD04C50}.Debug|Any CPU.Build.0 = Debug|Any CPU
		{AD7F293F-C015-4B57-ACB9-33285FD04C50}.Release|Any CPU.ActiveCfg = Release|Any CPU
		{AD7F293F-C015-4B57-ACB9-33285FD04C50}.Release|Any CPU.Build.0 = Release|Any CPU
		{6BD8EBC3-06E5-4725-98C6-80857B25AEDD}.Debug|Any CPU.ActiveCfg = Debug|Any CPU
		{6BD8EBC3-06E5-4725-98C6-80857B25AEDD}.Debug|Any CPU.Build.0 = Debug|Any CPU
		{6BD8EBC3-06E5-4725-98C6-80857B25AEDD}.Release|Any CPU.ActiveCfg = Release|Any CPU
		{6BD8EBC3-06E5-4725-98C6-80857B25AEDD}.Release|Any CPU.Build.0 = Release|Any CPU
		{A3463DB6-092C-42AA-A1CC-EE205B48375E}.Debug|Any CPU.ActiveCfg = Debug|Any CPU
		{A3463DB6-092C-42AA-A1CC-EE205B48375E}.Debug|Any CPU.Build.0 = Debug|Any CPU
		{A3463DB6-092C-42AA-A1CC-EE205B48375E}.Release|Any CPU.ActiveCfg = Release|Any CPU
		{A3463DB6-092C-42AA-A1CC-EE205B48375E}.Release|Any CPU.Build.0 = Release|Any CPU
		{A4014F95-2D85-41DA-A7B4-0185FD17D3E5}.Debug|Any CPU.ActiveCfg = Debug|Any CPU
		{A4014F95-2D85-41DA-A7B4-0185FD17D3E5}.Debug|Any CPU.Build.0 = Debug|Any CPU
		{A4014F95-2D85-41DA-A7B4-0185FD17D3E5}.Release|Any CPU.ActiveCfg = Release|Any CPU
		{A4014F95-2D85-41DA-A7B4-0185FD17D3E5}.Release|Any CPU.Build.0 = Release|Any CPU
	EndGlobalSection
	GlobalSection(SolutionProperties) = preSolution
		HideSolutionNode = FALSE
	EndGlobalSection
	GlobalSection(ExtensibilityGlobals) = postSolution
		SolutionGuid = {0A4EEBB7-5FA8-4740-8923-438364CE7F24}
	EndGlobalSection
EndGlobal
